
Microsoft Visual Studio Solution File, Format Version 12.00
# Visual Studio Version 17
VisualStudioVersion = 17.0.31903.59
MinimumVisualStudioVersion = 10.0.40219.1
Project("{2150E333-8FDC-42A3-9474-1A3956D46DE8}") = "src", "src", "{827E0CD3-B72D-47B6-A68D-7590B98EB39B}"
EndProject
Project("{FAE04EC0-301F-11D3-BF4B-00C04F79EFBC}") = "CicdPipeline.Contracts", "src\CicdPipeline.Contracts\CicdPipeline.Contracts.csproj", "{727F248E-6D36-42AE-911B-6B7C95312956}"
EndProject
Project("{FAE04EC0-301F-11D3-BF4B-00C04F79EFBC}") = "CicdPipeline.Workflows", "src\CicdPipeline.Workflows\CicdPipeline.Workflows.csproj", "{6BEA488B-9915-426B-89CF-6693CE0BB6C3}"
EndProject
Project("{FAE04EC0-301F-11D3-BF4B-00C04F79EFBC}") = "CicdPipeline.ServiceDefaults", "src\CicdPipeline.ServiceDefaults\CicdPipeline.ServiceDefaults.csproj", "{3744C8EB-1924-4D65-A7FD-944002716048}"
EndProject
Project("{FAE04EC0-301F-11D3-BF4B-00C04F79EFBC}") = "CicdPipeline.Api", "src\CicdPipeline.Api\CicdPipeline.Api.csproj", "{A504ABDF-4643-4D58-A633-38C8F6280561}"
EndProject
Project("{FAE04EC0-301F-11D3-BF4B-00C04F79EFBC}") = "CicdPipeline.Worker.Orchestrator", "src\CicdPipeline.Worker.Orchestrator\CicdPipeline.Worker.Orchestrator.csproj", "{A59C93C7-A69F-437B-B806-04B6F26D29EF}"
EndProject
Project("{FAE04EC0-301F-11D3-BF4B-00C04F79EFBC}") = "CicdPipeline.Worker.BuildTest", "src\CicdPipeline.Worker.BuildTest\CicdPipeline.Worker.BuildTest.csproj", "{9045C2F4-7C57-48EC-A650-E5F9D9DA5A47}"
EndProject
Project("{FAE04EC0-301F-11D3-BF4B-00C04F79EFBC}") = "CicdPipeline.Worker.GitVersion", "src\CicdPipeline.Worker.GitVersion\CicdPipeline.Worker.GitVersion.csproj", "{4039A56D-1445-4610-8B7D-750F35316E3F}"
EndProject
Project("{FAE04EC0-301F-11D3-BF4B-00C04F79EFBC}") = "CicdPipeline.Worker.Publish", "src\CicdPipeline.Worker.Publish\CicdPipeline.Worker.Publish.csproj", "{20F3FD0E-B219-4A97-9ECC-71BC32052843}"
EndProject
Project("{FAE04EC0-301F-11D3-BF4B-00C04F79EFBC}") = "CicdPipeline.Worker.Deploy", "src\CicdPipeline.Worker.Deploy\CicdPipeline.Worker.Deploy.csproj", "{24DC1DA3-EDF8-4C0A-A77B-B1500A6D20AE}"
EndProject
Project("{2150E333-8FDC-42A3-9474-1A3956D46DE8}") = "tests", "tests", "{0AB3BF05-4346-4AA6-1389-037BE0695223}"
EndProject
Project("{FAE04EC0-301F-11D3-BF4B-00C04F79EFBC}") = "CicdPipeline.Workflows.Tests", "tests\CicdPipeline.Workflows.Tests\CicdPipeline.Workflows.Tests.csproj", "{5BEA87CC-B6E6-4119-9D66-5CFA596466EA}"
EndProject
Project("{FAE04EC0-301F-11D3-BF4B-00C04F79EFBC}") = "CicdPipeline.Api.Tests", "tests\CicdPipeline.Api.Tests\CicdPipeline.Api.Tests.csproj", "{27B403C1-54DB-4596-B720-6F68F2083E5E}"
EndProject
Project("{FAE04EC0-301F-11D3-BF4B-00C04F79EFBC}") = "CicdPipeline.Integration.Tests", "tests\CicdPipeline.Integration.Tests\CicdPipeline.Integration.Tests.csproj", "{1D86360E-1304-42E7-8460-0482C4FB7185}"
EndProject
Global
	GlobalSection(SolutionConfigurationPlatforms) = preSolution
		Debug|Any CPU = Debug|Any CPU
		Debug|x64 = Debug|x64
		Debug|x86 = Debug|x86
		Release|Any CPU = Release|Any CPU
		Release|x64 = Release|x64
		Release|x86 = Release|x86
	EndGlobalSection
	GlobalSection(ProjectConfigurationPlatforms) = postSolution
		{727F248E-6D36-42AE-911B-6B7C95312956}.Debug|Any CPU.ActiveCfg = Debug|Any CPU
		{727F248E-6D36-42AE-911B-6B7C95312956}.Debug|Any CPU.Build.0 = Debug|Any CPU
		{727F248E-6D36-42AE-911B-6B7C95312956}.Debug|x64.ActiveCfg = Debug|Any CPU
		{727F248E-6D36-42AE-911B-6B7C95312956}.Debug|x64.Build.0 = Debug|Any CPU
		{727F248E-6D36-42AE-911B-6B7C95312956}.Debug|x86.ActiveCfg = Debug|Any CPU
		{727F248E-6D36-42AE-911B-6B7C95312956}.Debug|x86.Build.0 = Debug|Any CPU
		{727F248E-6D36-42AE-911B-6B7C95312956}.Release|Any CPU.ActiveCfg = Release|Any CPU
		{727F248E-6D36-42AE-911B-6B7C95312956}.Release|Any CPU.Build.0 = Release|Any CPU
		{727F248E-6D36-42AE-911B-6B7C95312956}.Release|x64.ActiveCfg = Release|Any CPU
		{727F248E-6D36-42AE-911B-6B7C95312956}.Release|x64.Build.0 = Release|Any CPU
		{727F248E-6D36-42AE-911B-6B7C95312956}.Release|x86.ActiveCfg = Release|Any CPU
		{727F248E-6D36-42AE-911B-6B7C95312956}.Release|x86.Build.0 = Release|Any CPU
		{6BEA488B-9915-426B-89CF-6693CE0BB6C3}.Debug|Any CPU.ActiveCfg = Debug|Any CPU
		{6BEA488B-9915-426B-89CF-6693CE0BB6C3}.Debug|Any CPU.Build.0 = Debug|Any CPU
		{6BEA488B-9915-426B-89CF-6693CE0BB6C3}.Debug|x64.ActiveCfg = Debug|Any CPU
		{6BEA488B-9915-426B-89CF-6693CE0BB6C3}.Debug|x64.Build.0 = Debug|Any CPU
		{6BEA488B-9915-426B-89CF-6693CE0BB6C3}.Debug|x86.ActiveCfg = Debug|Any CPU
		{6BEA488B-9915-426B-89CF-6693CE0BB6C3}.Debug|x86.Build.0 = Debug|Any CPU
		{6BEA488B-9915-426B-89CF-6693CE0BB6C3}.Release|Any CPU.ActiveCfg = Release|Any CPU
		{6BEA488B-9915-426B-89CF-6693CE0BB6C3}.Release|Any CPU.Build.0 = Release|Any CPU
		{6BEA488B-9915-426B-89CF-6693CE0BB6C3}.Release|x64.ActiveCfg = Release|Any CPU
		{6BEA488B-9915-426B-89CF-6693CE0BB6C3}.Release|x64.Build.0 = Release|Any CPU
		{6BEA488B-9915-426B-89CF-6693CE0BB6C3}.Release|x86.ActiveCfg = Release|Any CPU
		{6BEA488B-9915-426B-89CF-6693CE0BB6C3}.Release|x86.Build.0 = Release|Any CPU
		{3744C8EB-1924-4D65-A7FD-944002716048}.Debug|Any CPU.ActiveCfg = Debug|Any CPU
		{3744C8EB-1924-4D65-A7FD-944002716048}.Debug|Any CPU.Build.0 = Debug|Any CPU
		{3744C8EB-1924-4D65-A7FD-944002716048}.Debug|x64.ActiveCfg = Debug|Any CPU
		{3744C8EB-1924-4D65-A7FD-944002716048}.Debug|x64.Build.0 = Debug|Any CPU
		{3744C8EB-1924-4D65-A7FD-944002716048}.Debug|x86.ActiveCfg = Debug|Any CPU
		{3744C8EB-1924-4D65-A7FD-944002716048}.Debug|x86.Build.0 = Debug|Any CPU
		{3744C8EB-1924-4D65-A7FD-944002716048}.Release|Any CPU.ActiveCfg = Release|Any CPU
		{3744C8EB-1924-4D65-A7FD-944002716048}.Release|Any CPU.Build.0 = Release|Any CPU
		{3744C8EB-1924-4D65-A7FD-944002716048}.Release|x64.ActiveCfg = Release|Any CPU
		{3744C8EB-1924-4D65-A7FD-944002716048}.Release|x64.Build.0 = Release|Any CPU
		{3744C8EB-1924-4D65-A7FD-944002716048}.Release|x86.ActiveCfg = Release|Any CPU
		{3744C8EB-1924-4D65-A7FD-944002716048}.Release|x86.Build.0 = Release|Any CPU
		{A504ABDF-4643-4D58-A633-38C8F6280561}.Debug|Any CPU.ActiveCfg = Debug|Any CPU
		{A504ABDF-4643-4D58-A633-38C8F6280561}.Debug|Any CPU.Build.0 = Debug|Any CPU
		{A504ABDF-4643-4D58-A633-38C8F6280561}.Debug|x64.ActiveCfg = Debug|Any CPU
		{A504ABDF-4643-4D58-A633-38C8F6280561}.Debug|x64.Build.0 = Debug|Any CPU
		{A504ABDF-4643-4D58-A633-38C8F6280561}.Debug|x86.ActiveCfg = Debug|Any CPU
		{A504ABDF-4643-4D58-A633-38C8F6280561}.Debug|x86.Build.0 = Debug|Any CPU
		{A504ABDF-4643-4D58-A633-38C8F6280561}.Release|Any CPU.ActiveCfg = Release|Any CPU
		{A504ABDF-4643-4D58-A633-38C8F6280561}.Release|Any CPU.Build.0 = Release|Any CPU
		{A504ABDF-4643-4D58-A633-38C8F6280561}.Release|x64.ActiveCfg = Release|Any CPU
		{A504ABDF-4643-4D58-A633-38C8F6280561}.Release|x64.Build.0 = Release|Any CPU
		{A504ABDF-4643-4D58-A633-38C8F6280561}.Release|x86.ActiveCfg = Release|Any CPU
		{A504ABDF-4643-4D58-A633-38C8F6280561}.Release|x86.Build.0 = Release|Any CPU
		{A59C93C7-A69F-437B-B806-04B6F26D29EF}.Debug|Any CPU.ActiveCfg = Debug|Any CPU
		{A59C93C7-A69F-437B-B806-04B6F26D29EF}.Debug|Any CPU.Build.0 = Debug|Any CPU
		{A59C93C7-A69F-437B-B806-04B6F26D29EF}.Debug|x64.ActiveCfg = Debug|Any CPU
		{A59C93C7-A69F-437B-B806-04B6F26D29EF}.Debug|x64.Build.0 = Debug|Any CPU
		{A59C93C7-A69F-437B-B806-04B6F26D29EF}.Debug|x86.ActiveCfg = Debug|Any CPU
		{A59C93C7-A69F-437B-B806-04B6F26D29EF}.Debug|x86.Build.0 = Debug|Any CPU
		{A59C93C7-A69F-437B-B806-04B6F26D29EF}.Release|Any CPU.ActiveCfg = Release|Any CPU
		{A59C93C7-A69F-437B-B806-04B6F26D29EF}.Release|Any CPU.Build.0 = Release|Any CPU
		{A59C93C7-A69F-437B-B806-04B6F26D29EF}.Release|x64.ActiveCfg = Release|Any CPU
		{A59C93C7-A69F-437B-B806-04B6F26D29EF}.Release|x64.Build.0 = Release|Any CPU
		{A59C93C7-A69F-437B-B806-04B6F26D29EF}.Release|x86.ActiveCfg = Release|Any CPU
		{A59C93C7-A69F-437B-B806-04B6F26D29EF}.Release|x86.Build.0 = Release|Any CPU
		{9045C2F4-7C57-48EC-A650-E5F9D9DA5A47}.Debug|Any CPU.ActiveCfg = Debug|Any CPU
		{9045C2F4-7C57-48EC-A650-E5F9D9DA5A47}.Debug|Any CPU.Build.0 = Debug|Any CPU
		{9045C2F4-7C57-48EC-A650-E5F9D9DA5A47}.Debug|x64.ActiveCfg = Debug|Any CPU
		{9045C2F4-7C57-48EC-A650-E5F9D9DA5A47}.Debug|x64.Build.0 = Debug|Any CPU
		{9045C2F4-7C57-48EC-A650-E5F9D9DA5A47}.Debug|x86.ActiveCfg = Debug|Any CPU
		{9045C2F4-7C57-48EC-A650-E5F9D9DA5A47}.Debug|x86.Build.0 = Debug|Any CPU
		{9045C2F4-7C57-48EC-A650-E5F9D9DA5A47}.Release|Any CPU.ActiveCfg = Release|Any CPU
		{9045C2F4-7C57-48EC-A650-E5F9D9DA5A47}.Release|Any CPU.Build.0 = Release|Any CPU
		{9045C2F4-7C57-48EC-A650-E5F9D9DA5A47}.Release|x64.ActiveCfg = Release|Any CPU
		{9045C2F4-7C57-48EC-A650-E5F9D9DA5A47}.Release|x64.Build.0 = Release|Any CPU
		{9045C2F4-7C57-48EC-A650-E5F9D9DA5A47}.Release|x86.ActiveCfg = Release|Any CPU
		{9045C2F4-7C57-48EC-A650-E5F9D9DA5A47}.Release|x86.Build.0 = Release|Any CPU
		{4039A56D-1445-4610-8B7D-750F35316E3F}.Debug|Any CPU.ActiveCfg = Debug|Any CPU
		{4039A56D-1445-4610-8B7D-750F35316E3F}.Debug|Any CPU.Build.0 = Debug|Any CPU
		{4039A56D-1445-4610-8B7D-750F35316E3F}.Debug|x64.ActiveCfg = Debug|Any CPU
		{4039A56D-1445-4610-8B7D-750F35316E3F}.Debug|x64.Build.0 = Debug|Any CPU
		{4039A56D-1445-4610-8B7D-750F35316E3F}.Debug|x86.ActiveCfg = Debug|Any CPU
		{4039A56D-1445-4610-8B7D-750F35316E3F}.Debug|x86.Build.0 = Debug|Any CPU
		{4039A56D-1445-4610-8B7D-750F35316E3F}.Release|Any CPU.ActiveCfg = Release|Any CPU
		{4039A56D-1445-4610-8B7D-750F35316E3F}.Release|Any CPU.Build.0 = Release|Any CPU
		{4039A56D-1445-4610-8B7D-750F35316E3F}.Release|x64.ActiveCfg = Release|Any CPU
		{4039A56D-1445-4610-8B7D-750F35316E3F}.Release|x64.Build.0 = Release|Any CPU
		{4039A56D-1445-4610-8B7D-750F35316E3F}.Release|x86.ActiveCfg = Release|Any CPU
		{4039A56D-1445-4610-8B7D-750F35316E3F}.Release|x86.Build.0 = Release|Any CPU
		{20F3FD0E-B219-4A97-9ECC-71BC32052843}.Debug|Any CPU.ActiveCfg = Debug|Any CPU
		{20F3FD0E-B219-4A97-9ECC-71BC32052843}.Debug|Any CPU.Build.0 = Debug|Any CPU
		{20F3FD0E-B219-4A97-9ECC-71BC32052843}.Debug|x64.ActiveCfg = Debug|Any CPU
		{20F3FD0E-B219-4A97-9ECC-71BC32052843}.Debug|x64.Build.0 = Debug|Any CPU
		{20F3FD0E-B219-4A97-9ECC-71BC32052843}.Debug|x86.ActiveCfg = Debug|Any CPU
		{20F3FD0E-B219-4A97-9ECC-71BC32052843}.Debug|x86.Build.0 = Debug|Any CPU
		{20F3FD0E-B219-4A97-9ECC-71BC32052843}.Release|Any CPU.ActiveCfg = Release|Any CPU
		{20F3FD0E-B219-4A97-9ECC-71BC32052843}.Release|Any CPU.Build.0 = Release|Any CPU
		{20F3FD0E-B219-4A97-9ECC-71BC32052843}.Release|x64.ActiveCfg = Release|Any CPU
		{20F3FD0E-B219-4A97-9ECC-71BC32052843}.Release|x64.Build.0 = Release|Any CPU
		{20F3FD0E-B219-4A97-9ECC-71BC32052843}.Release|x86.ActiveCfg = Release|Any CPU
		{20F3FD0E-B219-4A97-9ECC-71BC32052843}.Release|x86.Build.0 = Release|Any CPU
		{24DC1DA3-EDF8-4C0A-A77B-B1500A6D20AE}.Debug|Any CPU.ActiveCfg = Debug|Any CPU
		{24DC1DA3-EDF8-4C0A-A77B-B1500A6D20AE}.Debug|Any CPU.Build.0 = Debug|Any CPU
		{24DC1DA3-EDF8-4C0A-A77B-B1500A6D20AE}.Debug|x64.ActiveCfg = Debug|Any CPU
		{24DC1DA3-EDF8-4C0A-A77B-B1500A6D20AE}.Debug|x64.Build.0 = Debug|Any CPU
		{24DC1DA3-EDF8-4C0A-A77B-B1500A6D20AE}.Debug|x86.ActiveCfg = Debug|Any CPU
		{24DC1DA3-EDF8-4C0A-A77B-B1500A6D20AE}.Debug|x86.Build.0 = Debug|Any CPU
		{24DC1DA3-EDF8-4C0A-A77B-B1500A6D20AE}.Release|Any CPU.ActiveCfg = Release|Any CPU
		{24DC1DA3-EDF8-4C0A-A77B-B1500A6D20AE}.Release|Any CPU.Build.0 = Release|Any CPU
		{24DC1DA3-EDF8-4C0A-A77B-B1500A6D20AE}.Release|x64.ActiveCfg = Release|Any CPU
		{24DC1DA3-EDF8-4C0A-A77B-B1500A6D20AE}.Release|x64.Build.0 = Release|Any CPU
		{24DC1DA3-EDF8-4C0A-A77B-B1500A6D20AE}.Release|x86.ActiveCfg = Release|Any CPU
		{24DC1DA3-EDF8-4C0A-A77B-B1500A6D20AE}.Release|x86.Build.0 = Release|Any CPU
		{5BEA87CC-B6E6-4119-9D66-5CFA596466EA}.Debug|Any CPU.ActiveCfg = Debug|Any CPU
		{5BEA87CC-B6E6-4119-9D66-5CFA596466EA}.Debug|Any CPU.Build.0 = Debug|Any CPU
		{5BEA87CC-B6E6-4119-9D66-5CFA596466EA}.Debug|x64.ActiveCfg = Debug|Any CPU
		{5BEA87CC-B6E6-4119-9D66-5CFA596466EA}.Debug|x64.Build.0 = Debug|Any CPU
		{5BEA87CC-B6E6-4119-9D66-5CFA596466EA}.Debug|x86.ActiveCfg = Debug|Any CPU
		{5BEA87CC-B6E6-4119-9D66-5CFA596466EA}.Debug|x86.Build.0 = Debug|Any CPU
		{5BEA87CC-B6E6-4119-9D66-5CFA596466EA}.Release|Any CPU.ActiveCfg = Release|Any CPU
		{5BEA87CC-B6E6-4119-9D66-5CFA596466EA}.Release|Any CPU.Build.0 = Release|Any CPU
		{5BEA87CC-B6E6-4119-9D66-5CFA596466EA}.Release|x64.ActiveCfg = Release|Any CPU
		{5BEA87CC-B6E6-4119-9D66-5CFA596466EA}.Release|x64.Build.0 = Release|Any CPU
		{5BEA87CC-B6E6-4119-9D66-5CFA596466EA}.Release|x86.ActiveCfg = Release|Any CPU
		{5BEA87CC-B6E6-4119-9D66-5CFA596466EA}.Release|x86.Build.0 = Release|Any CPU
		{27B403C1-54DB-4596-B720-6F68F2083E5E}.Debug|Any CPU.ActiveCfg = Debug|Any CPU
		{27B403C1-54DB-4596-B720-6F68F2083E5E}.Debug|Any CPU.Build.0 = Debug|Any CPU
		{27B403C1-54DB-4596-B720-6F68F2083E5E}.Debug|x64.ActiveCfg = Debug|Any CPU
		{27B403C1-54DB-4596-B720-6F68F2083E5E}.Debug|x64.Build.0 = Debug|Any CPU
		{27B403C1-54DB-4596-B720-6F68F2083E5E}.Debug|x86.ActiveCfg = Debug|Any CPU
		{27B403C1-54DB-4596-B720-6F68F2083E5E}.Debug|x86.Build.0 = Debug|Any CPU
		{27B403C1-54DB-4596-B720-6F68F2083E5E}.Release|Any CPU.ActiveCfg = Release|Any CPU
		{27B403C1-54DB-4596-B720-6F68F2083E5E}.Release|Any CPU.Build.0 = Release|Any CPU
		{27B403C1-54DB-4596-B720-6F68F2083E5E}.Release|x64.ActiveCfg = Release|Any CPU
		{27B403C1-54DB-4596-B720-6F68F2083E5E}.Release|x64.Build.0 = Release|Any CPU
		{27B403C1-54DB-4596-B720-6F68F2083E5E}.Release|x86.ActiveCfg = Release|Any CPU
		{27B403C1-54DB-4596-B720-6F68F2083E5E}.Release|x86.Build.0 = Release|Any CPU
		{1D86360E-1304-42E7-8460-0482C4FB7185}.Debug|Any CPU.ActiveCfg = Debug|Any CPU
		{1D86360E-1304-42E7-8460-0482C4FB7185}.Debug|Any CPU.Build.0 = Debug|Any CPU
		{1D86360E-1304-42E7-8460-0482C4FB7185}.Debug|x64.ActiveCfg = Debug|Any CPU
		{1D86360E-1304-42E7-8460-0482C4FB7185}.Debug|x64.Build.0 = Debug|Any CPU
		{1D86360E-1304-42E7-8460-0482C4FB7185}.Debug|x86.ActiveCfg = Debug|Any CPU
		{1D86360E-1304-42E7-8460-0482C4FB7185}.Debug|x86.Build.0 = Debug|Any CPU
		{1D86360E-1304-42E7-8460-0482C4FB7185}.Release|Any CPU.ActiveCfg = Release|Any CPU
		{1D86360E-1304-42E7-8460-0482C4FB7185}.Release|Any CPU.Build.0 = Release|Any CPU
		{1D86360E-1304-42E7-8460-0482C4FB7185}.Release|x64.ActiveCfg = Release|Any CPU
		{1D86360E-1304-42E7-8460-0482C4FB7185}.Release|x64.Build.0 = Release|Any CPU
		{1D86360E-1304-42E7-8460-0482C4FB7185}.Release|x86.ActiveCfg = Release|Any CPU
		{1D86360E-1304-42E7-8460-0482C4FB7185}.Release|x86.Build.0 = Release|Any CPU
	EndGlobalSection
	GlobalSection(SolutionProperties) = preSolution
		HideSolutionNode = FALSE
	EndGlobalSection
	GlobalSection(NestedProjects) = preSolution
		{727F248E-6D36-42AE-911B-6B7C95312956} = {827E0CD3-B72D-47B6-A68D-7590B98EB39B}
		{6BEA488B-9915-426B-89CF-6693CE0BB6C3} = {827E0CD3-B72D-47B6-A68D-7590B98EB39B}
		{3744C8EB-1924-4D65-A7FD-944002716048} = {827E0CD3-B72D-47B6-A68D-7590B98EB39B}
		{A504ABDF-4643-4D58-A633-38C8F6280561} = {827E0CD3-B72D-47B6-A68D-7590B98EB39B}
		{A59C93C7-A69F-437B-B806-04B6F26D29EF} = {827E0CD3-B72D-47B6-A68D-7590B98EB39B}
		{9045C2F4-7C57-48EC-A650-E5F9D9DA5A47} = {827E0CD3-B72D-47B6-A68D-7590B98EB39B}
		{4039A56D-1445-4610-8B7D-750F35316E3F} = {827E0CD3-B72D-47B6-A68D-7590B98EB39B}
		{20F3FD0E-B219-4A97-9ECC-71BC32052843} = {827E0CD3-B72D-47B6-A68D-7590B98EB39B}
		{24DC1DA3-EDF8-4C0A-A77B-B1500A6D20AE} = {827E0CD3-B72D-47B6-A68D-7590B98EB39B}
		{5BEA87CC-B6E6-4119-9D66-5CFA596466EA} = {0AB3BF05-4346-4AA6-1389-037BE0695223}
		{27B403C1-54DB-4596-B720-6F68F2083E5E} = {0AB3BF05-4346-4AA6-1389-037BE0695223}
		{1D86360E-1304-42E7-8460-0482C4FB7185} = {0AB3BF05-4346-4AA6-1389-037BE0695223}
	EndGlobalSection
EndGlobal
